
Microsoft Visual Studio Solution File, Format Version 12.00
# Visual Studio Version 17
VisualStudioVersion = 17.5.002.0
MinimumVisualStudioVersion = 10.0.40219.1
Project("{9A19103F-16F7-4668-BE54-9A1E7A4F7556}") = "gammingStore", "gammingStore.csproj", "{E6FF162D-3BEC-41EC-BC54-FD561E36C6C6}"
EndProject
Global
	GlobalSection(SolutionConfigurationPlatforms) = preSolution
		Debug|Any CPU = Debug|Any CPU
		Release|Any CPU = Release|Any CPU
	EndGlobalSection
	GlobalSection(ProjectConfigurationPlatforms) = postSolution
		{E6FF162D-3BEC-41EC-BC54-FD561E36C6C6}.Debug|Any CPU.ActiveCfg = Debug|Any CPU
		{E6FF162D-3BEC-41EC-BC54-FD561E36C6C6}.Debug|Any CPU.Build.0 = Debug|Any CPU
		{E6FF162D-3BEC-41EC-BC54-FD561E36C6C6}.Release|Any CPU.ActiveCfg = Release|Any CPU
		{E6FF162D-3BEC-41EC-BC54-FD561E36C6C6}.Release|Any CPU.Build.0 = Release|Any CPU
	EndGlobalSection
	GlobalSection(SolutionProperties) = preSolution
		HideSolutionNode = FALSE
	EndGlobalSection
	GlobalSection(ExtensibilityGlobals) = postSolution
		SolutionGuid = {90E0E0C5-FA34-4137-875B-18F2E0C939DE}
	EndGlobalSection
EndGlobal
